// !$*UTF8*$!
{
	archiveVersion = 1;
	classes = {
	};
	objectVersion = 48;
	objects = {

/* Begin PBXBuildFile section */
		31930320F7C13C59342E597E /* Pods_UI_UnitTests_iOSTests.framework in Frameworks */ = {isa = PBXBuildFile; fileRef = 44F2561C055BC4351631FCDE /* Pods_UI_UnitTests_iOSTests.framework */; };
		340D82EB99D0B98F4AEAC250 /* Pods_UI_UnitTests_iOS.framework in Frameworks */ = {isa = PBXBuildFile; fileRef = 80A0E0209E0545E11743B28F /* Pods_UI_UnitTests_iOS.framework */; };
		AC143DDE2030A3EB00C2C6FF /* UIViewController+Extensions.swift in Sources */ = {isa = PBXBuildFile; fileRef = AC143DDD2030A3EB00C2C6FF /* UIViewController+Extensions.swift */; };
		AC143DE02030A40F00C2C6FF /* DashboardUIElementsTests.swift in Sources */ = {isa = PBXBuildFile; fileRef = AC143DDF2030A40F00C2C6FF /* DashboardUIElementsTests.swift */; };
		AC143DE22030A43200C2C6FF /* DashboardUIBehaviorsTests.swift in Sources */ = {isa = PBXBuildFile; fileRef = AC143DE12030A43200C2C6FF /* DashboardUIBehaviorsTests.swift */; };
		AC27FFC9203F73C5003241F5 /* CustomAlertAction.swift in Sources */ = {isa = PBXBuildFile; fileRef = AC27FFC8203F73C5003241F5 /* CustomAlertAction.swift */; };
		AC3364D42015306100966595 /* AppDelegate.swift in Sources */ = {isa = PBXBuildFile; fileRef = AC3364D32015306100966595 /* AppDelegate.swift */; };
		AC3364D92015306100966595 /* Dashboard.storyboard in Resources */ = {isa = PBXBuildFile; fileRef = AC3364D72015306100966595 /* Dashboard.storyboard */; };
		AC3364DB2015306100966595 /* Assets.xcassets in Resources */ = {isa = PBXBuildFile; fileRef = AC3364DA2015306100966595 /* Assets.xcassets */; };
		AC3364DE2015306100966595 /* LaunchScreen.storyboard in Resources */ = {isa = PBXBuildFile; fileRef = AC3364DC2015306100966595 /* LaunchScreen.storyboard */; };
		AC3364E92015306100966595 /* UI_UnitTests_iOSTests.swift in Sources */ = {isa = PBXBuildFile; fileRef = AC3364E82015306100966595 /* UI_UnitTests_iOSTests.swift */; };
		AC3364F82015309700966595 /* AboutMock.storyboard in Resources */ = {isa = PBXBuildFile; fileRef = AC3364F72015309700966595 /* AboutMock.storyboard */; };
		AC3364FB201530B800966595 /* AboutViewController.swift in Sources */ = {isa = PBXBuildFile; fileRef = AC3364FA201530B800966595 /* AboutViewController.swift */; };
		AC3364FD201530BE00966595 /* About.storyboard in Resources */ = {isa = PBXBuildFile; fileRef = AC3364FC201530BE00966595 /* About.storyboard */; };
		AC336500201532BE00966595 /* Calculator.storyboard in Resources */ = {isa = PBXBuildFile; fileRef = AC3364FF201532BE00966595 /* Calculator.storyboard */; };
		AC336504201532EA00966595 /* CalculatorViewController.swift in Sources */ = {isa = PBXBuildFile; fileRef = AC336503201532EA00966595 /* CalculatorViewController.swift */; };
		AC336506201533A200966595 /* scriptTest.py in Resources */ = {isa = PBXBuildFile; fileRef = AC336505201533A200966595 /* scriptTest.py */; };
		AC3365082015343B00966595 /* AboutViewControllerMock.swift in Sources */ = {isa = PBXBuildFile; fileRef = AC3365072015343B00966595 /* AboutViewControllerMock.swift */; };
		AC336511201538B000966595 /* DashboardViewController.swift in Sources */ = {isa = PBXBuildFile; fileRef = AC336510201538B000966595 /* DashboardViewController.swift */; };
		AC336514201538F300966595 /* DashboardMock.storyboard in Resources */ = {isa = PBXBuildFile; fileRef = AC336513201538F300966595 /* DashboardMock.storyboard */; };
		AC33651A2015393200966595 /* DashboardViewControllerMock.swift in Sources */ = {isa = PBXBuildFile; fileRef = AC3365192015393200966595 /* DashboardViewControllerMock.swift */; };
		AC352C452015FDD900FE3FAC /* CalculatorMock.storyboard in Resources */ = {isa = PBXBuildFile; fileRef = AC352C442015FDD900FE3FAC /* CalculatorMock.storyboard */; };
		AC352C472015FE2E00FE3FAC /* CalculatorViewControllerMock.swift in Sources */ = {isa = PBXBuildFile; fileRef = AC352C462015FE2E00FE3FAC /* CalculatorViewControllerMock.swift */; };
		ACE14727203F4DA500784F8D /* UIView+Extension.swift in Sources */ = {isa = PBXBuildFile; fileRef = ACE14726203F4DA500784F8D /* UIView+Extension.swift */; };
		ACE1472B203F54C600784F8D /* CalculatorInteractor.swift in Sources */ = {isa = PBXBuildFile; fileRef = ACE1472A203F54C600784F8D /* CalculatorInteractor.swift */; };
		ACE1472D203F54F900784F8D /* CalculatorPresenter.swift in Sources */ = {isa = PBXBuildFile; fileRef = ACE1472C203F54F900784F8D /* CalculatorPresenter.swift */; };
		ACE1472F203F551F00784F8D /* CalculatorPresenterBoundaries.swift in Sources */ = {isa = PBXBuildFile; fileRef = ACE1472E203F551F00784F8D /* CalculatorPresenterBoundaries.swift */; };
		ACE14731203F554F00784F8D /* CalculatorInteractorBoundaries.swift in Sources */ = {isa = PBXBuildFile; fileRef = ACE14730203F554F00784F8D /* CalculatorInteractorBoundaries.swift */; };
/* End PBXBuildFile section */

/* Begin PBXContainerItemProxy section */
		AC3364E52015306100966595 /* PBXContainerItemProxy */ = {
			isa = PBXContainerItemProxy;
			containerPortal = AC3364C82015306100966595 /* Project object */;
			proxyType = 1;
			remoteGlobalIDString = AC3364CF2015306100966595;
			remoteInfo = "UI-UnitTests-iOS";
		};
/* End PBXContainerItemProxy section */

/* Begin PBXFileReference section */
		40278CB923EEBAFC7AB7F97D /* Pods-UI-UnitTests-iOS.release.xcconfig */ = {isa = PBXFileReference; includeInIndex = 1; lastKnownFileType = text.xcconfig; name = "Pods-UI-UnitTests-iOS.release.xcconfig"; path = "Pods/Target Support Files/Pods-UI-UnitTests-iOS/Pods-UI-UnitTests-iOS.release.xcconfig"; sourceTree = "<group>"; };
		44F2561C055BC4351631FCDE /* Pods_UI_UnitTests_iOSTests.framework */ = {isa = PBXFileReference; explicitFileType = wrapper.framework; includeInIndex = 0; path = Pods_UI_UnitTests_iOSTests.framework; sourceTree = BUILT_PRODUCTS_DIR; };
		4E394BFB93989B508DB372D0 /* Pods-UI-UnitTests-iOS.debug.xcconfig */ = {isa = PBXFileReference; includeInIndex = 1; lastKnownFileType = text.xcconfig; name = "Pods-UI-UnitTests-iOS.debug.xcconfig"; path = "Pods/Target Support Files/Pods-UI-UnitTests-iOS/Pods-UI-UnitTests-iOS.debug.xcconfig"; sourceTree = "<group>"; };
		5B8DFA83B0494D6E658EB8DD /* Pods-UI-UnitTests-iOSTests.debug.xcconfig */ = {isa = PBXFileReference; includeInIndex = 1; lastKnownFileType = text.xcconfig; name = "Pods-UI-UnitTests-iOSTests.debug.xcconfig"; path = "Pods/Target Support Files/Pods-UI-UnitTests-iOSTests/Pods-UI-UnitTests-iOSTests.debug.xcconfig"; sourceTree = "<group>"; };
		80A0E0209E0545E11743B28F /* Pods_UI_UnitTests_iOS.framework */ = {isa = PBXFileReference; explicitFileType = wrapper.framework; includeInIndex = 0; path = Pods_UI_UnitTests_iOS.framework; sourceTree = BUILT_PRODUCTS_DIR; };
		99E5C5651EE37088575D9531 /* Pods-UI-UnitTests-iOSTests.release.xcconfig */ = {isa = PBXFileReference; includeInIndex = 1; lastKnownFileType = text.xcconfig; name = "Pods-UI-UnitTests-iOSTests.release.xcconfig"; path = "Pods/Target Support Files/Pods-UI-UnitTests-iOSTests/Pods-UI-UnitTests-iOSTests.release.xcconfig"; sourceTree = "<group>"; };
		AC143DDD2030A3EB00C2C6FF /* UIViewController+Extensions.swift */ = {isa = PBXFileReference; lastKnownFileType = sourcecode.swift; path = "UIViewController+Extensions.swift"; sourceTree = "<group>"; };
		AC143DDF2030A40F00C2C6FF /* DashboardUIElementsTests.swift */ = {isa = PBXFileReference; lastKnownFileType = sourcecode.swift; path = DashboardUIElementsTests.swift; sourceTree = "<group>"; };
		AC143DE12030A43200C2C6FF /* DashboardUIBehaviorsTests.swift */ = {isa = PBXFileReference; lastKnownFileType = sourcecode.swift; path = DashboardUIBehaviorsTests.swift; sourceTree = "<group>"; };
		AC27FFC8203F73C5003241F5 /* CustomAlertAction.swift */ = {isa = PBXFileReference; lastKnownFileType = sourcecode.swift; path = CustomAlertAction.swift; sourceTree = "<group>"; };
		AC3364D02015306100966595 /* UIUnitTestsIOS.app */ = {isa = PBXFileReference; explicitFileType = wrapper.application; includeInIndex = 0; path = UIUnitTestsIOS.app; sourceTree = BUILT_PRODUCTS_DIR; };
		AC3364D32015306100966595 /* AppDelegate.swift */ = {isa = PBXFileReference; lastKnownFileType = sourcecode.swift; path = AppDelegate.swift; sourceTree = "<group>"; };
		AC3364D82015306100966595 /* Base */ = {isa = PBXFileReference; lastKnownFileType = file.storyboard; name = Base; path = Base.lproj/Dashboard.storyboard; sourceTree = "<group>"; };
		AC3364DA2015306100966595 /* Assets.xcassets */ = {isa = PBXFileReference; lastKnownFileType = folder.assetcatalog; path = Assets.xcassets; sourceTree = "<group>"; };
		AC3364DD2015306100966595 /* Base */ = {isa = PBXFileReference; lastKnownFileType = file.storyboard; name = Base; path = Base.lproj/LaunchScreen.storyboard; sourceTree = "<group>"; };
		AC3364DF2015306100966595 /* Info.plist */ = {isa = PBXFileReference; lastKnownFileType = text.plist.xml; path = Info.plist; sourceTree = "<group>"; };
		AC3364E42015306100966595 /* UIUnitTestsIOSTests.xctest */ = {isa = PBXFileReference; explicitFileType = wrapper.cfbundle; includeInIndex = 0; path = UIUnitTestsIOSTests.xctest; sourceTree = BUILT_PRODUCTS_DIR; };
		AC3364E82015306100966595 /* UI_UnitTests_iOSTests.swift */ = {isa = PBXFileReference; lastKnownFileType = sourcecode.swift; path = UI_UnitTests_iOSTests.swift; sourceTree = "<group>"; };
		AC3364EA2015306100966595 /* Info.plist */ = {isa = PBXFileReference; lastKnownFileType = text.plist.xml; path = Info.plist; sourceTree = "<group>"; };
		AC3364F72015309700966595 /* AboutMock.storyboard */ = {isa = PBXFileReference; lastKnownFileType = file.storyboard; path = AboutMock.storyboard; sourceTree = "<group>"; };
		AC3364FA201530B800966595 /* AboutViewController.swift */ = {isa = PBXFileReference; lastKnownFileType = sourcecode.swift; path = AboutViewController.swift; sourceTree = "<group>"; };
		AC3364FC201530BE00966595 /* About.storyboard */ = {isa = PBXFileReference; lastKnownFileType = file.storyboard; path = About.storyboard; sourceTree = "<group>"; };
		AC3364FF201532BE00966595 /* Calculator.storyboard */ = {isa = PBXFileReference; lastKnownFileType = file.storyboard; path = Calculator.storyboard; sourceTree = "<group>"; };
		AC336503201532EA00966595 /* CalculatorViewController.swift */ = {isa = PBXFileReference; lastKnownFileType = sourcecode.swift; path = CalculatorViewController.swift; sourceTree = "<group>"; };
		AC336505201533A200966595 /* scriptTest.py */ = {isa = PBXFileReference; fileEncoding = 4; lastKnownFileType = text.script.python; path = scriptTest.py; sourceTree = "<group>"; };
		AC3365072015343B00966595 /* AboutViewControllerMock.swift */ = {isa = PBXFileReference; lastKnownFileType = sourcecode.swift; path = AboutViewControllerMock.swift; sourceTree = "<group>"; };
		AC336510201538B000966595 /* DashboardViewController.swift */ = {isa = PBXFileReference; lastKnownFileType = sourcecode.swift; path = DashboardViewController.swift; sourceTree = "<group>"; };
		AC336513201538F300966595 /* DashboardMock.storyboard */ = {isa = PBXFileReference; lastKnownFileType = file.storyboard; path = DashboardMock.storyboard; sourceTree = "<group>"; };
		AC3365182015391700966595 /* en */ = {isa = PBXFileReference; lastKnownFileType = text.plist.strings; name = en; path = en.lproj/Dashboard.strings; sourceTree = "<group>"; };
		AC3365192015393200966595 /* DashboardViewControllerMock.swift */ = {isa = PBXFileReference; lastKnownFileType = sourcecode.swift; path = DashboardViewControllerMock.swift; sourceTree = "<group>"; };
		AC352C442015FDD900FE3FAC /* CalculatorMock.storyboard */ = {isa = PBXFileReference; lastKnownFileType = file.storyboard; path = CalculatorMock.storyboard; sourceTree = "<group>"; };
		AC352C462015FE2E00FE3FAC /* CalculatorViewControllerMock.swift */ = {isa = PBXFileReference; lastKnownFileType = sourcecode.swift; path = CalculatorViewControllerMock.swift; sourceTree = "<group>"; };
		ACE14726203F4DA500784F8D /* UIView+Extension.swift */ = {isa = PBXFileReference; lastKnownFileType = sourcecode.swift; path = "UIView+Extension.swift"; sourceTree = "<group>"; };
		ACE1472A203F54C600784F8D /* CalculatorInteractor.swift */ = {isa = PBXFileReference; lastKnownFileType = sourcecode.swift; path = CalculatorInteractor.swift; sourceTree = "<group>"; };
		ACE1472C203F54F900784F8D /* CalculatorPresenter.swift */ = {isa = PBXFileReference; lastKnownFileType = sourcecode.swift; path = CalculatorPresenter.swift; sourceTree = "<group>"; };
		ACE1472E203F551F00784F8D /* CalculatorPresenterBoundaries.swift */ = {isa = PBXFileReference; lastKnownFileType = sourcecode.swift; path = CalculatorPresenterBoundaries.swift; sourceTree = "<group>"; };
		ACE14730203F554F00784F8D /* CalculatorInteractorBoundaries.swift */ = {isa = PBXFileReference; lastKnownFileType = sourcecode.swift; path = CalculatorInteractorBoundaries.swift; sourceTree = "<group>"; };
/* End PBXFileReference section */

/* Begin PBXFrameworksBuildPhase section */
		AC3364CD2015306100966595 /* Frameworks */ = {
			isa = PBXFrameworksBuildPhase;
			buildActionMask = 2147483647;
			files = (
				340D82EB99D0B98F4AEAC250 /* Pods_UI_UnitTests_iOS.framework in Frameworks */,
			);
			runOnlyForDeploymentPostprocessing = 0;
		};
		AC3364E12015306100966595 /* Frameworks */ = {
			isa = PBXFrameworksBuildPhase;
			buildActionMask = 2147483647;
			files = (
				31930320F7C13C59342E597E /* Pods_UI_UnitTests_iOSTests.framework in Frameworks */,
			);
			runOnlyForDeploymentPostprocessing = 0;
		};
/* End PBXFrameworksBuildPhase section */

/* Begin PBXGroup section */
		25BDFE4DCDE4A01A2A5B9569 /* Frameworks */ = {
			isa = PBXGroup;
			children = (
				80A0E0209E0545E11743B28F /* Pods_UI_UnitTests_iOS.framework */,
				44F2561C055BC4351631FCDE /* Pods_UI_UnitTests_iOSTests.framework */,
			);
			name = Frameworks;
			sourceTree = "<group>";
		};
		AC143DDC2030A3DC00C2C6FF /* Extensions */ = {
			isa = PBXGroup;
			children = (
				AC143DDD2030A3EB00C2C6FF /* UIViewController+Extensions.swift */,
				ACE14726203F4DA500784F8D /* UIView+Extension.swift */,
			);
			path = Extensions;
			sourceTree = "<group>";
		};
		AC3364C72015306100966595 = {
			isa = PBXGroup;
			children = (
				AC3364D22015306100966595 /* UI-UnitTests-iOS */,
				AC3364E72015306100966595 /* UI-UnitTests-iOSTests */,
				AC3364D12015306100966595 /* Products */,
				B81CAAAF6382D5FD037941CC /* Pods */,
				25BDFE4DCDE4A01A2A5B9569 /* Frameworks */,
			);
			sourceTree = "<group>";
		};
		AC3364D12015306100966595 /* Products */ = {
			isa = PBXGroup;
			children = (
				AC3364D02015306100966595 /* UIUnitTestsIOS.app */,
				AC3364E42015306100966595 /* UIUnitTestsIOSTests.xctest */,
			);
			name = Products;
			sourceTree = "<group>";
		};
		AC3364D22015306100966595 /* UI-UnitTests-iOS */ = {
			isa = PBXGroup;
			children = (
				AC143DDC2030A3DC00C2C6FF /* Extensions */,
				AC33650F2015385E00966595 /* Dashboard */,
				AC3364FE201532B600966595 /* Calculator */,
				AC3364F52015308800966595 /* About */,
				AC3364F42015306F00966595 /* Others */,
				AC3364F32015306800966595 /* Script */,
				AC3364D32015306100966595 /* AppDelegate.swift */,
				AC3364DF2015306100966595 /* Info.plist */,
				AC3364DA2015306100966595 /* Assets.xcassets */,
			);
			path = "UI-UnitTests-iOS";
			sourceTree = "<group>";
		};
		AC3364E72015306100966595 /* UI-UnitTests-iOSTests */ = {
			isa = PBXGroup;
			children = (
				AC352C432015FDC800FE3FAC /* Calculator */,
				AC336512201538E300966595 /* Dashboard */,
				AC3364F62015309000966595 /* About */,
				AC3364E82015306100966595 /* UI_UnitTests_iOSTests.swift */,
				AC3364EA2015306100966595 /* Info.plist */,
			);
			path = "UI-UnitTests-iOSTests";
			sourceTree = "<group>";
		};
		AC3364F32015306800966595 /* Script */ = {
			isa = PBXGroup;
			children = (
				AC336505201533A200966595 /* scriptTest.py */,
			);
			path = Script;
			sourceTree = "<group>";
		};
		AC3364F42015306F00966595 /* Others */ = {
			isa = PBXGroup;
			children = (
				AC3364DC2015306100966595 /* LaunchScreen.storyboard */,
				AC27FFC8203F73C5003241F5 /* CustomAlertAction.swift */,
			);
			path = Others;
			sourceTree = "<group>";
		};
		AC3364F52015308800966595 /* About */ = {
			isa = PBXGroup;
			children = (
				AC3364FA201530B800966595 /* AboutViewController.swift */,
				AC3364FC201530BE00966595 /* About.storyboard */,
			);
			path = About;
			sourceTree = "<group>";
		};
		AC3364F62015309000966595 /* About */ = {
			isa = PBXGroup;
			children = (
				AC3364F72015309700966595 /* AboutMock.storyboard */,
				AC3365072015343B00966595 /* AboutViewControllerMock.swift */,
			);
			path = About;
			sourceTree = "<group>";
		};
		AC3364FE201532B600966595 /* Calculator */ = {
			isa = PBXGroup;
			children = (
				ACE14729203F54AB00784F8D /* User Interface */,
				ACE14728203F54A500784F8D /* Business Logic */,
			);
			path = Calculator;
			sourceTree = "<group>";
		};
		AC33650F2015385E00966595 /* Dashboard */ = {
			isa = PBXGroup;
			children = (
				AC336510201538B000966595 /* DashboardViewController.swift */,
				AC3364D72015306100966595 /* Dashboard.storyboard */,
			);
			path = Dashboard;
			sourceTree = "<group>";
		};
		AC336512201538E300966595 /* Dashboard */ = {
			isa = PBXGroup;
			children = (
				AC336513201538F300966595 /* DashboardMock.storyboard */,
				AC3365192015393200966595 /* DashboardViewControllerMock.swift */,
				AC143DE12030A43200C2C6FF /* DashboardUIBehaviorsTests.swift */,
				AC143DDF2030A40F00C2C6FF /* DashboardUIElementsTests.swift */,
			);
			path = Dashboard;
			sourceTree = "<group>";
		};
		AC352C432015FDC800FE3FAC /* Calculator */ = {
			isa = PBXGroup;
			children = (
				AC352C442015FDD900FE3FAC /* CalculatorMock.storyboard */,
				AC352C462015FE2E00FE3FAC /* CalculatorViewControllerMock.swift */,
			);
			path = Calculator;
			sourceTree = "<group>";
		};
		ACE14728203F54A500784F8D /* Business Logic */ = {
			isa = PBXGroup;
			children = (
				ACE1472A203F54C600784F8D /* CalculatorInteractor.swift */,
				ACE14730203F554F00784F8D /* CalculatorInteractorBoundaries.swift */,
			);
			path = "Business Logic";
			sourceTree = "<group>";
		};
		ACE14729203F54AB00784F8D /* User Interface */ = {
			isa = PBXGroup;
			children = (
				AC336503201532EA00966595 /* CalculatorViewController.swift */,
				AC3364FF201532BE00966595 /* Calculator.storyboard */,
				ACE1472C203F54F900784F8D /* CalculatorPresenter.swift */,
				ACE1472E203F551F00784F8D /* CalculatorPresenterBoundaries.swift */,
			);
			path = "User Interface";
			sourceTree = "<group>";
		};
		B81CAAAF6382D5FD037941CC /* Pods */ = {
			isa = PBXGroup;
			children = (
				4E394BFB93989B508DB372D0 /* Pods-UI-UnitTests-iOS.debug.xcconfig */,
				40278CB923EEBAFC7AB7F97D /* Pods-UI-UnitTests-iOS.release.xcconfig */,
				5B8DFA83B0494D6E658EB8DD /* Pods-UI-UnitTests-iOSTests.debug.xcconfig */,
				99E5C5651EE37088575D9531 /* Pods-UI-UnitTests-iOSTests.release.xcconfig */,
			);
			name = Pods;
			sourceTree = "<group>";
		};
/* End PBXGroup section */

/* Begin PBXNativeTarget section */
		AC3364CF2015306100966595 /* UIUnitTestsIOS */ = {
			isa = PBXNativeTarget;
			buildConfigurationList = AC3364ED2015306100966595 /* Build configuration list for PBXNativeTarget "UIUnitTestsIOS" */;
			buildPhases = (
				4EE80B9DC94ED76D9072600D /* [CP] Check Pods Manifest.lock */,
				AC3364CC2015306100966595 /* Sources */,
				AC3364CD2015306100966595 /* Frameworks */,
				AC3364CE2015306100966595 /* Resources */,
				AC33650E201534BB00966595 /* ShellScript */,
				06C668F6A785B9E27A276DFE /* [CP] Embed Pods Frameworks */,
				B3C2ECF05DD315512AE0A310 /* [CP] Copy Pods Resources */,
			);
			buildRules = (
			);
			dependencies = (
			);
			name = UIUnitTestsIOS;
			productName = "UI-UnitTests-iOS";
			productReference = AC3364D02015306100966595 /* UIUnitTestsIOS.app */;
			productType = "com.apple.product-type.application";
		};
		AC3364E32015306100966595 /* UIUnitTestsIOSTests */ = {
			isa = PBXNativeTarget;
			buildConfigurationList = AC3364F02015306100966595 /* Build configuration list for PBXNativeTarget "UIUnitTestsIOSTests" */;
			buildPhases = (
				06D784F5D32229726CEE602D /* [CP] Check Pods Manifest.lock */,
				AC3364E02015306100966595 /* Sources */,
				AC3364E12015306100966595 /* Frameworks */,
				AC3364E22015306100966595 /* Resources */,
				072BB88CBB73A1F1D09E07AB /* [CP] Embed Pods Frameworks */,
				D844DAE90D7F9B2666113A6C /* [CP] Copy Pods Resources */,
			);
			buildRules = (
			);
			dependencies = (
				AC3364E62015306100966595 /* PBXTargetDependency */,
			);
			name = UIUnitTestsIOSTests;
			productName = "UI-UnitTests-iOSTests";
			productReference = AC3364E42015306100966595 /* UIUnitTestsIOSTests.xctest */;
			productType = "com.apple.product-type.bundle.unit-test";
		};
/* End PBXNativeTarget section */

/* Begin PBXProject section */
		AC3364C82015306100966595 /* Project object */ = {
			isa = PBXProject;
			attributes = {
				LastSwiftUpdateCheck = 0920;
				LastUpgradeCheck = 0920;
				ORGANIZATIONNAME = "Abderrahim Benmakhlouf";
				TargetAttributes = {
					AC3364CF2015306100966595 = {
						CreatedOnToolsVersion = 9.2;
						ProvisioningStyle = Automatic;
					};
					AC3364E32015306100966595 = {
						CreatedOnToolsVersion = 9.2;
						ProvisioningStyle = Automatic;
						TestTargetID = AC3364CF2015306100966595;
					};
				};
			};
			buildConfigurationList = AC3364CB2015306100966595 /* Build configuration list for PBXProject "UIUnitTestsIOS" */;
			compatibilityVersion = "Xcode 8.0";
			developmentRegion = en;
			hasScannedForEncodings = 0;
			knownRegions = (
				en,
				Base,
			);
			mainGroup = AC3364C72015306100966595;
			productRefGroup = AC3364D12015306100966595 /* Products */;
			projectDirPath = "";
			projectRoot = "";
			targets = (
				AC3364CF2015306100966595 /* UIUnitTestsIOS */,
				AC3364E32015306100966595 /* UIUnitTestsIOSTests */,
			);
		};
/* End PBXProject section */

/* Begin PBXResourcesBuildPhase section */
		AC3364CE2015306100966595 /* Resources */ = {
			isa = PBXResourcesBuildPhase;
			buildActionMask = 2147483647;
			files = (
				AC3364FD201530BE00966595 /* About.storyboard in Resources */,
				AC336506201533A200966595 /* scriptTest.py in Resources */,
				AC3364DE2015306100966595 /* LaunchScreen.storyboard in Resources */,
				AC3364DB2015306100966595 /* Assets.xcassets in Resources */,
				AC3364D92015306100966595 /* Dashboard.storyboard in Resources */,
				AC336500201532BE00966595 /* Calculator.storyboard in Resources */,
			);
			runOnlyForDeploymentPostprocessing = 0;
		};
		AC3364E22015306100966595 /* Resources */ = {
			isa = PBXResourcesBuildPhase;
			buildActionMask = 2147483647;
			files = (
				AC352C452015FDD900FE3FAC /* CalculatorMock.storyboard in Resources */,
				AC336514201538F300966595 /* DashboardMock.storyboard in Resources */,
				AC3364F82015309700966595 /* AboutMock.storyboard in Resources */,
			);
			runOnlyForDeploymentPostprocessing = 0;
		};
/* End PBXResourcesBuildPhase section */

/* Begin PBXShellScriptBuildPhase section */
		06C668F6A785B9E27A276DFE /* [CP] Embed Pods Frameworks */ = {
			isa = PBXShellScriptBuildPhase;
			buildActionMask = 2147483647;
			files = (
			);
			inputPaths = (
			);
			name = "[CP] Embed Pods Frameworks";
			outputPaths = (
			);
			runOnlyForDeploymentPostprocessing = 0;
			shellPath = /bin/sh;
			shellScript = "\"${SRCROOT}/Pods/Target Support Files/Pods-UI-UnitTests-iOS/Pods-UI-UnitTests-iOS-frameworks.sh\"\n";
			showEnvVarsInLog = 0;
		};
		06D784F5D32229726CEE602D /* [CP] Check Pods Manifest.lock */ = {
			isa = PBXShellScriptBuildPhase;
			buildActionMask = 2147483647;
			files = (
			);
			inputPaths = (
				"${PODS_PODFILE_DIR_PATH}/Podfile.lock",
				"${PODS_ROOT}/Manifest.lock",
			);
			name = "[CP] Check Pods Manifest.lock";
			outputPaths = (
				"$(DERIVED_FILE_DIR)/Pods-UI-UnitTests-iOSTests-checkManifestLockResult.txt",
			);
			runOnlyForDeploymentPostprocessing = 0;
			shellPath = /bin/sh;
			shellScript = "diff \"${PODS_PODFILE_DIR_PATH}/Podfile.lock\" \"${PODS_ROOT}/Manifest.lock\" > /dev/null\nif [ $? != 0 ] ; then\n    # print error to STDERR\n    echo \"error: The sandbox is not in sync with the Podfile.lock. Run 'pod install' or update your CocoaPods installation.\" >&2\n    exit 1\nfi\n# This output is used by Xcode 'outputs' to avoid re-running this script phase.\necho \"SUCCESS\" > \"${SCRIPT_OUTPUT_FILE_0}\"\n";
			showEnvVarsInLog = 0;
		};
		072BB88CBB73A1F1D09E07AB /* [CP] Embed Pods Frameworks */ = {
			isa = PBXShellScriptBuildPhase;
			buildActionMask = 2147483647;
			files = (
			);
			inputPaths = (
				"${SRCROOT}/Pods/Target Support Files/Pods-UI-UnitTests-iOSTests/Pods-UI-UnitTests-iOSTests-frameworks.sh",
				"${BUILT_PRODUCTS_DIR}/Nimble/Nimble.framework",
				"${BUILT_PRODUCTS_DIR}/Quick/Quick.framework",
			);
			name = "[CP] Embed Pods Frameworks";
			outputPaths = (
				"${TARGET_BUILD_DIR}/${FRAMEWORKS_FOLDER_PATH}/Nimble.framework",
				"${TARGET_BUILD_DIR}/${FRAMEWORKS_FOLDER_PATH}/Quick.framework",
			);
			runOnlyForDeploymentPostprocessing = 0;
			shellPath = /bin/sh;
			shellScript = "\"${SRCROOT}/Pods/Target Support Files/Pods-UI-UnitTests-iOSTests/Pods-UI-UnitTests-iOSTests-frameworks.sh\"\n";
			showEnvVarsInLog = 0;
		};
		4EE80B9DC94ED76D9072600D /* [CP] Check Pods Manifest.lock */ = {
			isa = PBXShellScriptBuildPhase;
			buildActionMask = 2147483647;
			files = (
			);
			inputPaths = (
				"${PODS_PODFILE_DIR_PATH}/Podfile.lock",
				"${PODS_ROOT}/Manifest.lock",
			);
			name = "[CP] Check Pods Manifest.lock";
			outputPaths = (
				"$(DERIVED_FILE_DIR)/Pods-UI-UnitTests-iOS-checkManifestLockResult.txt",
			);
			runOnlyForDeploymentPostprocessing = 0;
			shellPath = /bin/sh;
			shellScript = "diff \"${PODS_PODFILE_DIR_PATH}/Podfile.lock\" \"${PODS_ROOT}/Manifest.lock\" > /dev/null\nif [ $? != 0 ] ; then\n    # print error to STDERR\n    echo \"error: The sandbox is not in sync with the Podfile.lock. Run 'pod install' or update your CocoaPods installation.\" >&2\n    exit 1\nfi\n# This output is used by Xcode 'outputs' to avoid re-running this script phase.\necho \"SUCCESS\" > \"${SCRIPT_OUTPUT_FILE_0}\"\n";
			showEnvVarsInLog = 0;
		};
		AC33650E201534BB00966595 /* ShellScript */ = {
			isa = PBXShellScriptBuildPhase;
			buildActionMask = 2147483647;
			files = (
			);
			inputPaths = (
			);
			outputPaths = (
			);
			runOnlyForDeploymentPostprocessing = 0;
			shellPath = /bin/sh;
			shellScript = "python $PROJECT_DIR/UI-UnitTests-iOS/Script/scriptTest.py";
		};
		B3C2ECF05DD315512AE0A310 /* [CP] Copy Pods Resources */ = {
			isa = PBXShellScriptBuildPhase;
			buildActionMask = 2147483647;
			files = (
			);
			inputPaths = (
			);
			name = "[CP] Copy Pods Resources";
			outputPaths = (
			);
			runOnlyForDeploymentPostprocessing = 0;
			shellPath = /bin/sh;
			shellScript = "\"${SRCROOT}/Pods/Target Support Files/Pods-UI-UnitTests-iOS/Pods-UI-UnitTests-iOS-resources.sh\"\n";
			showEnvVarsInLog = 0;
		};
		D844DAE90D7F9B2666113A6C /* [CP] Copy Pods Resources */ = {
			isa = PBXShellScriptBuildPhase;
			buildActionMask = 2147483647;
			files = (
			);
			inputPaths = (
			);
			name = "[CP] Copy Pods Resources";
			outputPaths = (
			);
			runOnlyForDeploymentPostprocessing = 0;
			shellPath = /bin/sh;
			shellScript = "\"${SRCROOT}/Pods/Target Support Files/Pods-UI-UnitTests-iOSTests/Pods-UI-UnitTests-iOSTests-resources.sh\"\n";
			showEnvVarsInLog = 0;
		};
/* End PBXShellScriptBuildPhase section */

/* Begin PBXSourcesBuildPhase section */
		AC3364CC2015306100966595 /* Sources */ = {
			isa = PBXSourcesBuildPhase;
			buildActionMask = 2147483647;
			files = (
				ACE1472B203F54C600784F8D /* CalculatorInteractor.swift in Sources */,
				ACE14727203F4DA500784F8D /* UIView+Extension.swift in Sources */,
				AC3364FB201530B800966595 /* AboutViewController.swift in Sources */,
				ACE1472F203F551F00784F8D /* CalculatorPresenterBoundaries.swift in Sources */,
				AC336504201532EA00966595 /* CalculatorViewController.swift in Sources */,
				AC143DDE2030A3EB00C2C6FF /* UIViewController+Extensions.swift in Sources */,
				AC3364D42015306100966595 /* AppDelegate.swift in Sources */,
				ACE1472D203F54F900784F8D /* CalculatorPresenter.swift in Sources */,
				AC27FFC9203F73C5003241F5 /* CustomAlertAction.swift in Sources */,
				ACE14731203F554F00784F8D /* CalculatorInteractorBoundaries.swift in Sources */,
				AC336511201538B000966595 /* DashboardViewController.swift in Sources */,
			);
			runOnlyForDeploymentPostprocessing = 0;
		};
		AC3364E02015306100966595 /* Sources */ = {
			isa = PBXSourcesBuildPhase;
			buildActionMask = 2147483647;
			files = (
				AC143DE22030A43200C2C6FF /* DashboardUIBehaviorsTests.swift in Sources */,
				AC143DE02030A40F00C2C6FF /* DashboardUIElementsTests.swift in Sources */,
				AC352C472015FE2E00FE3FAC /* CalculatorViewControllerMock.swift in Sources */,
				AC3365082015343B00966595 /* AboutViewControllerMock.swift in Sources */,
				AC3364E92015306100966595 /* UI_UnitTests_iOSTests.swift in Sources */,
				AC33651A2015393200966595 /* DashboardViewControllerMock.swift in Sources */,
			);
			runOnlyForDeploymentPostprocessing = 0;
		};
/* End PBXSourcesBuildPhase section */

/* Begin PBXTargetDependency section */
		AC3364E62015306100966595 /* PBXTargetDependency */ = {
			isa = PBXTargetDependency;
			target = AC3364CF2015306100966595 /* UIUnitTestsIOS */;
			targetProxy = AC3364E52015306100966595 /* PBXContainerItemProxy */;
		};
/* End PBXTargetDependency section */

/* Begin PBXVariantGroup section */
		AC3364D72015306100966595 /* Dashboard.storyboard */ = {
			isa = PBXVariantGroup;
			children = (
				AC3364D82015306100966595 /* Base */,
				AC3365182015391700966595 /* en */,
			);
			name = Dashboard.storyboard;
			sourceTree = "<group>";
		};
		AC3364DC2015306100966595 /* LaunchScreen.storyboard */ = {
			isa = PBXVariantGroup;
			children = (
				AC3364DD2015306100966595 /* Base */,
			);
			name = LaunchScreen.storyboard;
			sourceTree = "<group>";
		};
/* End PBXVariantGroup section */

/* Begin XCBuildConfiguration section */
		AC3364EB2015306100966595 /* Debug */ = {
			isa = XCBuildConfiguration;
			buildSettings = {
				ALWAYS_SEARCH_USER_PATHS = NO;
				CLANG_ANALYZER_NONNULL = YES;
				CLANG_ANALYZER_NUMBER_OBJECT_CONVERSION = YES_AGGRESSIVE;
				CLANG_CXX_LANGUAGE_STANDARD = "gnu++14";
				CLANG_CXX_LIBRARY = "libc++";
				CLANG_ENABLE_CODE_COVERAGE = YES;
				CLANG_ENABLE_MODULES = YES;
				CLANG_ENABLE_OBJC_ARC = YES;
				CLANG_WARN_BLOCK_CAPTURE_AUTORELEASING = YES;
				CLANG_WARN_BOOL_CONVERSION = YES;
				CLANG_WARN_COMMA = YES;
				CLANG_WARN_CONSTANT_CONVERSION = YES;
				CLANG_WARN_DIRECT_OBJC_ISA_USAGE = YES_ERROR;
				CLANG_WARN_DOCUMENTATION_COMMENTS = YES;
				CLANG_WARN_EMPTY_BODY = YES;
				CLANG_WARN_ENUM_CONVERSION = YES;
				CLANG_WARN_INFINITE_RECURSION = YES;
				CLANG_WARN_INT_CONVERSION = YES;
				CLANG_WARN_NON_LITERAL_NULL_CONVERSION = YES;
				CLANG_WARN_OBJC_LITERAL_CONVERSION = YES;
				CLANG_WARN_OBJC_ROOT_CLASS = YES_ERROR;
				CLANG_WARN_RANGE_LOOP_ANALYSIS = YES;
				CLANG_WARN_STRICT_PROTOTYPES = YES;
				CLANG_WARN_SUSPICIOUS_MOVE = YES;
				CLANG_WARN_UNGUARDED_AVAILABILITY = YES_AGGRESSIVE;
				CLANG_WARN_UNREACHABLE_CODE = YES;
				CLANG_WARN__DUPLICATE_METHOD_MATCH = YES;
				CODE_SIGN_IDENTITY = "iPhone Developer";
				COPY_PHASE_STRIP = NO;
				DEBUG_INFORMATION_FORMAT = dwarf;
				ENABLE_STRICT_OBJC_MSGSEND = YES;
				ENABLE_TESTABILITY = YES;
				GCC_C_LANGUAGE_STANDARD = gnu11;
				GCC_DYNAMIC_NO_PIC = NO;
				GCC_NO_COMMON_BLOCKS = YES;
				GCC_OPTIMIZATION_LEVEL = 0;
				GCC_PREPROCESSOR_DEFINITIONS = (
					"DEBUG=1",
					"$(inherited)",
				);
				GCC_WARN_64_TO_32_BIT_CONVERSION = YES;
				GCC_WARN_ABOUT_RETURN_TYPE = YES_ERROR;
				GCC_WARN_UNDECLARED_SELECTOR = YES;
				GCC_WARN_UNINITIALIZED_AUTOS = YES_AGGRESSIVE;
				GCC_WARN_UNUSED_FUNCTION = YES;
				GCC_WARN_UNUSED_VARIABLE = YES;
				IPHONEOS_DEPLOYMENT_TARGET = 11.2;
				MTL_ENABLE_DEBUG_INFO = YES;
				ONLY_ACTIVE_ARCH = YES;
				SDKROOT = iphoneos;
				SWIFT_ACTIVE_COMPILATION_CONDITIONS = DEBUG;
				SWIFT_OPTIMIZATION_LEVEL = "-Onone";
			};
			name = Debug;
		};
		AC3364EC2015306100966595 /* Release */ = {
			isa = XCBuildConfiguration;
			buildSettings = {
				ALWAYS_SEARCH_USER_PATHS = NO;
				CLANG_ANALYZER_NONNULL = YES;
				CLANG_ANALYZER_NUMBER_OBJECT_CONVERSION = YES_AGGRESSIVE;
				CLANG_CXX_LANGUAGE_STANDARD = "gnu++14";
				CLANG_CXX_LIBRARY = "libc++";
				CLANG_ENABLE_CODE_COVERAGE = YES;
				CLANG_ENABLE_MODULES = YES;
				CLANG_ENABLE_OBJC_ARC = YES;
				CLANG_WARN_BLOCK_CAPTURE_AUTORELEASING = YES;
				CLANG_WARN_BOOL_CONVERSION = YES;
				CLANG_WARN_COMMA = YES;
				CLANG_WARN_CONSTANT_CONVERSION = YES;
				CLANG_WARN_DIRECT_OBJC_ISA_USAGE = YES_ERROR;
				CLANG_WARN_DOCUMENTATION_COMMENTS = YES;
				CLANG_WARN_EMPTY_BODY = YES;
				CLANG_WARN_ENUM_CONVERSION = YES;
				CLANG_WARN_INFINITE_RECURSION = YES;
				CLANG_WARN_INT_CONVERSION = YES;
				CLANG_WARN_NON_LITERAL_NULL_CONVERSION = YES;
				CLANG_WARN_OBJC_LITERAL_CONVERSION = YES;
				CLANG_WARN_OBJC_ROOT_CLASS = YES_ERROR;
				CLANG_WARN_RANGE_LOOP_ANALYSIS = YES;
				CLANG_WARN_STRICT_PROTOTYPES = YES;
				CLANG_WARN_SUSPICIOUS_MOVE = YES;
				CLANG_WARN_UNGUARDED_AVAILABILITY = YES_AGGRESSIVE;
				CLANG_WARN_UNREACHABLE_CODE = YES;
				CLANG_WARN__DUPLICATE_METHOD_MATCH = YES;
				CODE_SIGN_IDENTITY = "iPhone Developer";
				COPY_PHASE_STRIP = NO;
				DEBUG_INFORMATION_FORMAT = "dwarf-with-dsym";
				ENABLE_NS_ASSERTIONS = NO;
				ENABLE_STRICT_OBJC_MSGSEND = YES;
				GCC_C_LANGUAGE_STANDARD = gnu11;
				GCC_NO_COMMON_BLOCKS = YES;
				GCC_WARN_64_TO_32_BIT_CONVERSION = YES;
				GCC_WARN_ABOUT_RETURN_TYPE = YES_ERROR;
				GCC_WARN_UNDECLARED_SELECTOR = YES;
				GCC_WARN_UNINITIALIZED_AUTOS = YES_AGGRESSIVE;
				GCC_WARN_UNUSED_FUNCTION = YES;
				GCC_WARN_UNUSED_VARIABLE = YES;
				IPHONEOS_DEPLOYMENT_TARGET = 11.2;
				MTL_ENABLE_DEBUG_INFO = NO;
				SDKROOT = iphoneos;
				SWIFT_OPTIMIZATION_LEVEL = "-Owholemodule";
				VALIDATE_PRODUCT = YES;
			};
			name = Release;
		};
		AC3364EE2015306100966595 /* Debug */ = {
			isa = XCBuildConfiguration;
			baseConfigurationReference = 4E394BFB93989B508DB372D0 /* Pods-UI-UnitTests-iOS.debug.xcconfig */;
			buildSettings = {
				ASSETCATALOG_COMPILER_APPICON_NAME = AppIcon;
				CODE_SIGN_STYLE = Automatic;
				INFOPLIST_FILE = "UI-UnitTests-iOS/Info.plist";
				LD_RUNPATH_SEARCH_PATHS = "$(inherited) @executable_path/Frameworks";
				PRODUCT_BUNDLE_IDENTIFIER = com.abderrahim.benmakhlouf.UIUnitTestsIOS;
				PRODUCT_NAME = "$(TARGET_NAME)";
				SWIFT_VERSION = 4.0;
				TARGETED_DEVICE_FAMILY = "1,2";
			};
			name = Debug;
		};
		AC3364EF2015306100966595 /* Release */ = {
			isa = XCBuildConfiguration;
			baseConfigurationReference = 40278CB923EEBAFC7AB7F97D /* Pods-UI-UnitTests-iOS.release.xcconfig */;
			buildSettings = {
				ASSETCATALOG_COMPILER_APPICON_NAME = AppIcon;
				CODE_SIGN_STYLE = Automatic;
				INFOPLIST_FILE = "UI-UnitTests-iOS/Info.plist";
				LD_RUNPATH_SEARCH_PATHS = "$(inherited) @executable_path/Frameworks";
				PRODUCT_BUNDLE_IDENTIFIER = com.abderrahim.benmakhlouf.UIUnitTestsIOS;
				PRODUCT_NAME = "$(TARGET_NAME)";
				SWIFT_VERSION = 4.0;
				TARGETED_DEVICE_FAMILY = "1,2";
			};
			name = Release;
		};
		AC3364F12015306100966595 /* Debug */ = {
			isa = XCBuildConfiguration;
			baseConfigurationReference = 5B8DFA83B0494D6E658EB8DD /* Pods-UI-UnitTests-iOSTests.debug.xcconfig */;
			buildSettings = {
				ALWAYS_EMBED_SWIFT_STANDARD_LIBRARIES = YES;
				BUNDLE_LOADER = "$(TEST_HOST)";
				CODE_SIGN_STYLE = Automatic;
				INFOPLIST_FILE = "UI-UnitTests-iOSTests/Info.plist";
				LD_RUNPATH_SEARCH_PATHS = "$(inherited) @executable_path/Frameworks @loader_path/Frameworks";
				PRODUCT_BUNDLE_IDENTIFIER = com.abderrahim.benmakhlouf.UIUnitTestsIOSTests;
				PRODUCT_NAME = "$(TARGET_NAME)";
				SWIFT_VERSION = 4.0;
				TARGETED_DEVICE_FAMILY = "1,2";
				TEST_HOST = "$(BUILT_PRODUCTS_DIR)/UIUnitTestsIOS.app/UIUnitTestsIOS";
			};
			name = Debug;
		};
		AC3364F22015306100966595 /* Release */ = {
			isa = XCBuildConfiguration;
			baseConfigurationReference = 99E5C5651EE37088575D9531 /* Pods-UI-UnitTests-iOSTests.release.xcconfig */;
			buildSettings = {
				ALWAYS_EMBED_SWIFT_STANDARD_LIBRARIES = YES;
				BUNDLE_LOADER = "$(TEST_HOST)";
				CODE_SIGN_STYLE = Automatic;
				INFOPLIST_FILE = "UI-UnitTests-iOSTests/Info.plist";
				LD_RUNPATH_SEARCH_PATHS = "$(inherited) @executable_path/Frameworks @loader_path/Frameworks";
				PRODUCT_BUNDLE_IDENTIFIER = com.abderrahim.benmakhlouf.UIUnitTestsIOSTests;
				PRODUCT_NAME = "$(TARGET_NAME)";
				SWIFT_VERSION = 4.0;
				TARGETED_DEVICE_FAMILY = "1,2";
				TEST_HOST = "$(BUILT_PRODUCTS_DIR)/UIUnitTestsIOS.app/UIUnitTestsIOS";
			};
			name = Release;
		};
/* End XCBuildConfiguration section */

/* Begin XCConfigurationList section */
		AC3364CB2015306100966595 /* Build configuration list for PBXProject "UIUnitTestsIOS" */ = {
			isa = XCConfigurationList;
			buildConfigurations = (
				AC3364EB2015306100966595 /* Debug */,
				AC3364EC2015306100966595 /* Release */,
			);
			defaultConfigurationIsVisible = 0;
			defaultConfigurationName = Release;
		};
		AC3364ED2015306100966595 /* Build configuration list for PBXNativeTarget "UIUnitTestsIOS" */ = {
			isa = XCConfigurationList;
			buildConfigurations = (
				AC3364EE2015306100966595 /* Debug */,
				AC3364EF2015306100966595 /* Release */,
			);
			defaultConfigurationIsVisible = 0;
			defaultConfigurationName = Release;
		};
		AC3364F02015306100966595 /* Build configuration list for PBXNativeTarget "UIUnitTestsIOSTests" */ = {
			isa = XCConfigurationList;
			buildConfigurations = (
				AC3364F12015306100966595 /* Debug */,
				AC3364F22015306100966595 /* Release */,
			);
			defaultConfigurationIsVisible = 0;
			defaultConfigurationName = Release;
		};
/* End XCConfigurationList section */
	};
	rootObject = AC3364C82015306100966595 /* Project object */;
}
